
Microsoft Visual Studio Solution File, Format Version 12.00
# Visual Studio Version 17
VisualStudioVersion = 17.4.33205.214
MinimumVisualStudioVersion = 10.0.40219.1
Project("{FAE04EC0-301F-11D3-BF4B-00C04F79EFBC}") = "Day-4B-PracticeProblem", "Day-4B-PracticeProblem\Day-4B-PracticeProblem.csproj", "{99683209-42D0-4BD2-A141-AB4D62CD6BFB}"
EndProject
Global
	GlobalSection(SolutionConfigurationPlatforms) = preSolution
		Debug|Any CPU = Debug|Any CPU
		Release|Any CPU = Release|Any CPU
	EndGlobalSection
	GlobalSection(ProjectConfigurationPlatforms) = postSolution
		{99683209-42D0-4BD2-A141-AB4D62CD6BFB}.Debug|Any CPU.ActiveCfg = Debug|Any CPU
		{99683209-42D0-4BD2-A141-AB4D62CD6BFB}.Debug|Any CPU.Build.0 = Debug|Any CPU
		{99683209-42D0-4BD2-A141-AB4D62CD6BFB}.Release|Any CPU.ActiveCfg = Release|Any CPU
		{99683209-42D0-4BD2-A141-AB4D62CD6BFB}.Release|Any CPU.Build.0 = Release|Any CPU
	EndGlobalSection
	GlobalSection(SolutionProperties) = preSolution
		HideSolutionNode = FALSE
	EndGlobalSection
	GlobalSection(ExtensibilityGlobals) = postSolution
		SolutionGuid = {1122D872-4B17-4E83-BA58-E0041B2C9CAE}
	EndGlobalSection
EndGlobal
